// !$*UTF8*$!
{
	archiveVersion = 1;
	classes = {
	};
	objectVersion = 46;
	objects = {

/* Begin PBXBuildFile section */
		015631DE1E0AFE47009AB385 /* Weather.m in Sources */ = {isa = PBXBuildFile; fileRef = 015631DD1E0AFE47009AB385 /* Weather.m */; };
		0180B82C1E088C5E00B63BE8 /* forecast.JSON in Resources */ = {isa = PBXBuildFile; fileRef = 0180B82B1E088C5E00B63BE8 /* forecast.JSON */; };
		0180B82E1E089B1F00B63BE8 /* DarkSkyTest.m in Sources */ = {isa = PBXBuildFile; fileRef = 0180B82D1E089B1F00B63BE8 /* DarkSkyTest.m */; };
		0180B8301E08F45300B63BE8 /* AltimeterTest.m in Sources */ = {isa = PBXBuildFile; fileRef = 0180B82F1E08F45300B63BE8 /* AltimeterTest.m */; };
		0180B8321E08F47600B63BE8 /* AboutViewTest.m in Sources */ = {isa = PBXBuildFile; fileRef = 0180B8311E08F47600B63BE8 /* AboutViewTest.m */; };
		0180B8341E08F48D00B63BE8 /* ForecastViewTest.m in Sources */ = {isa = PBXBuildFile; fileRef = 0180B8331E08F48D00B63BE8 /* ForecastViewTest.m */; };
		0180B8361E08F4B000B63BE8 /* HomeViewTest.m in Sources */ = {isa = PBXBuildFile; fileRef = 0180B8351E08F4B000B63BE8 /* HomeViewTest.m */; };
		0180B8381E08F4CB00B63BE8 /* SettingsViewTest.m in Sources */ = {isa = PBXBuildFile; fileRef = 0180B8371E08F4CB00B63BE8 /* SettingsViewTest.m */; };
		0197C2521E09CE79006D7A29 /* DarkSkyAPI.m in Sources */ = {isa = PBXBuildFile; fileRef = 0197C2511E09CE79006D7A29 /* DarkSkyAPI.m */; };
		0197C2551E09E661006D7A29 /* TopTableViewCell.m in Sources */ = {isa = PBXBuildFile; fileRef = 0197C2541E09E661006D7A29 /* TopTableViewCell.m */; };
		0197C2581E09E66E006D7A29 /* BottomTableViewCell.m in Sources */ = {isa = PBXBuildFile; fileRef = 0197C2571E09E66E006D7A29 /* BottomTableViewCell.m */; };
		555CD9BF1E08CAC6002E72DA /* ChartViewController.m in Sources */ = {isa = PBXBuildFile; fileRef = 555CD9BD1E08CAC6002E72DA /* ChartViewController.m */; };
		555CD9C31E08CE2F002E72DA /* Altimeter.m in Sources */ = {isa = PBXBuildFile; fileRef = 555CD9C21E08CE2F002E72DA /* Altimeter.m */; };
		555FA1FD1E06FE680036FC1E /* main.m in Sources */ = {isa = PBXBuildFile; fileRef = 555FA1FC1E06FE680036FC1E /* main.m */; };
		555FA2001E06FE680036FC1E /* AppDelegate.m in Sources */ = {isa = PBXBuildFile; fileRef = 555FA1FF1E06FE680036FC1E /* AppDelegate.m */; };
		555FA2061E06FE680036FC1E /* Main.storyboard in Resources */ = {isa = PBXBuildFile; fileRef = 555FA2041E06FE680036FC1E /* Main.storyboard */; };
		555FA2091E06FE680036FC1E /* CFuWx.xcdatamodeld in Sources */ = {isa = PBXBuildFile; fileRef = 555FA2071E06FE680036FC1E /* CFuWx.xcdatamodeld */; };
		555FA20B1E06FE680036FC1E /* Assets.xcassets in Resources */ = {isa = PBXBuildFile; fileRef = 555FA20A1E06FE680036FC1E /* Assets.xcassets */; };
		555FA20E1E06FE680036FC1E /* LaunchScreen.storyboard in Resources */ = {isa = PBXBuildFile; fileRef = 555FA20C1E06FE680036FC1E /* LaunchScreen.storyboard */; };
		555FA2191E06FE680036FC1E /* CFuWxTests.m in Sources */ = {isa = PBXBuildFile; fileRef = 555FA2181E06FE680036FC1E /* CFuWxTests.m */; };
		555FA2291E0700E90036FC1E /* Forecast.storyboard in Resources */ = {isa = PBXBuildFile; fileRef = 555FA2281E0700E90036FC1E /* Forecast.storyboard */; };
		555FA22B1E0701110036FC1E /* Settings.storyboard in Resources */ = {isa = PBXBuildFile; fileRef = 555FA22A1E0701110036FC1E /* Settings.storyboard */; };
		555FA22D1E0701380036FC1E /* About.storyboard in Resources */ = {isa = PBXBuildFile; fileRef = 555FA22C1E0701380036FC1E /* About.storyboard */; };
		555FA2301E0701A70036FC1E /* HomeViewController.m in Sources */ = {isa = PBXBuildFile; fileRef = 555FA22F1E0701A70036FC1E /* HomeViewController.m */; };
		555FA2311E0701A70036FC1E /* HomeViewController.m in Sources */ = {isa = PBXBuildFile; fileRef = 555FA22F1E0701A70036FC1E /* HomeViewController.m */; };
		555FA2341E0701BA0036FC1E /* AboutViewController.m in Sources */ = {isa = PBXBuildFile; fileRef = 555FA2331E0701BA0036FC1E /* AboutViewController.m */; };
		555FA2351E0701BA0036FC1E /* AboutViewController.m in Sources */ = {isa = PBXBuildFile; fileRef = 555FA2331E0701BA0036FC1E /* AboutViewController.m */; };
		555FA2381E0701C40036FC1E /* ForecastViewController.m in Sources */ = {isa = PBXBuildFile; fileRef = 555FA2371E0701C40036FC1E /* ForecastViewController.m */; };
		555FA2391E0701C40036FC1E /* ForecastViewController.m in Sources */ = {isa = PBXBuildFile; fileRef = 555FA2371E0701C40036FC1E /* ForecastViewController.m */; };
		555FA23C1E0701CF0036FC1E /* SettingsViewController.m in Sources */ = {isa = PBXBuildFile; fileRef = 555FA23B1E0701CF0036FC1E /* SettingsViewController.m */; };
		555FA23D1E0701CF0036FC1E /* SettingsViewController.m in Sources */ = {isa = PBXBuildFile; fileRef = 555FA23B1E0701CF0036FC1E /* SettingsViewController.m */; };
		55DC16541E09C70800E5A8A6 /* Bolts.framework in Frameworks */ = {isa = PBXBuildFile; fileRef = 55DC16511E09C70800E5A8A6 /* Bolts.framework */; };
		55DC16551E09C70800E5A8A6 /* Charts.framework in Frameworks */ = {isa = PBXBuildFile; fileRef = 55DC16521E09C70800E5A8A6 /* Charts.framework */; };
		55DC16561E09C70800E5A8A6 /* Parse.framework in Frameworks */ = {isa = PBXBuildFile; fileRef = 55DC16531E09C70800E5A8A6 /* Parse.framework */; };
		55DC16571E09C71200E5A8A6 /* Bolts.framework in CopyFiles */ = {isa = PBXBuildFile; fileRef = 55DC16511E09C70800E5A8A6 /* Bolts.framework */; settings = {ATTRIBUTES = (CodeSignOnCopy, RemoveHeadersOnCopy, ); }; };
		55DC16581E09C71700E5A8A6 /* Charts.framework in CopyFiles */ = {isa = PBXBuildFile; fileRef = 55DC16521E09C70800E5A8A6 /* Charts.framework */; settings = {ATTRIBUTES = (CodeSignOnCopy, RemoveHeadersOnCopy, ); }; };
		55DC16591E09C71D00E5A8A6 /* Parse.framework in CopyFiles */ = {isa = PBXBuildFile; fileRef = 55DC16531E09C70800E5A8A6 /* Parse.framework */; settings = {ATTRIBUTES = (CodeSignOnCopy, RemoveHeadersOnCopy, ); }; };
		55DC16601E09E37D00E5A8A6 /* Conversions.m in Sources */ = {isa = PBXBuildFile; fileRef = 55DC165F1E09E37D00E5A8A6 /* Conversions.m */; };
		55EF0DCA1E0AF6FB00750E6E /* dummy.swift in Sources */ = {isa = PBXBuildFile; fileRef = 55EF0DC91E0AF6FB00750E6E /* dummy.swift */; };
		55F25CA71E09F1C900BAF2FA /* garbage.swift in Sources */ = {isa = PBXBuildFile; fileRef = 55F25CA61E09F1C900BAF2FA /* garbage.swift */; };
		55F25CA91E09F24D00BAF2FA /* ConversionsTest.m in Sources */ = {isa = PBXBuildFile; fileRef = 55F25CA81E09F24D00BAF2FA /* ConversionsTest.m */; };
		7CD83D961E0B427C009BE48F /* Header.xib in Resources */ = {isa = PBXBuildFile; fileRef = 7CD83D951E0B427C009BE48F /* Header.xib */; };
		7CD83D9A1E0B4305009BE48F /* HourlyRowTitles.xib in Resources */ = {isa = PBXBuildFile; fileRef = 7CD83D991E0B4305009BE48F /* HourlyRowTitles.xib */; };
		7CD83D9C1E0B431B009BE48F /* HourlyTableViewCell.xib in Resources */ = {isa = PBXBuildFile; fileRef = 7CD83D9B1E0B431B009BE48F /* HourlyTableViewCell.xib */; };
		7CD83DA11E0B43E5009BE48F /* DailyRowTitles.xib in Resources */ = {isa = PBXBuildFile; fileRef = 7CD83DA01E0B43E5009BE48F /* DailyRowTitles.xib */; };
		7CD83DA31E0B43F1009BE48F /* DailyTableViewCell.xib in Resources */ = {isa = PBXBuildFile; fileRef = 7CD83DA21E0B43F1009BE48F /* DailyTableViewCell.xib */; };
		7CD83DA81E0B6CCA009BE48F /* HourlyTableViewCell.m in Sources */ = {isa = PBXBuildFile; fileRef = 7CD83DA71E0B6CCA009BE48F /* HourlyTableViewCell.m */; };
		7CD83DAB1E0B6CFD009BE48F /* DailyTableViewCell.m in Sources */ = {isa = PBXBuildFile; fileRef = 7CD83DAA1E0B6CFD009BE48F /* DailyTableViewCell.m */; };
		7CD83DAF1E0B893D009BE48F /* HourlyBackground.xib in Resources */ = {isa = PBXBuildFile; fileRef = 7CD83DAE1E0B893D009BE48F /* HourlyBackground.xib */; };
		7CF703561E09FEC800354143 /* LocationManager.m in Sources */ = {isa = PBXBuildFile; fileRef = 7CF703551E09FEC800354143 /* LocationManager.m */; };
/* End PBXBuildFile section */

/* Begin PBXContainerItemProxy section */
		555FA2151E06FE680036FC1E /* PBXContainerItemProxy */ = {
			isa = PBXContainerItemProxy;
			containerPortal = 555FA1F01E06FE680036FC1E /* Project object */;
			proxyType = 1;
			remoteGlobalIDString = 555FA1F71E06FE680036FC1E;
			remoteInfo = CFuWx;
		};
/* End PBXContainerItemProxy section */

/* Begin PBXCopyFilesBuildPhase section */
		555CD9981E087FFC002E72DA /* CopyFiles */ = {
			isa = PBXCopyFilesBuildPhase;
			buildActionMask = 2147483647;
			dstPath = "";
			dstSubfolderSpec = 10;
			files = (
				55DC16591E09C71D00E5A8A6 /* Parse.framework in CopyFiles */,
				55DC16581E09C71700E5A8A6 /* Charts.framework in CopyFiles */,
				55DC16571E09C71200E5A8A6 /* Bolts.framework in CopyFiles */,
			);
			runOnlyForDeploymentPostprocessing = 0;
		};
/* End PBXCopyFilesBuildPhase section */

/* Begin PBXFileReference section */
		015631DC1E0AFE47009AB385 /* Weather.h */ = {isa = PBXFileReference; fileEncoding = 4; lastKnownFileType = sourcecode.c.h; path = Weather.h; sourceTree = "<group>"; };
		015631DD1E0AFE47009AB385 /* Weather.m */ = {isa = PBXFileReference; fileEncoding = 4; lastKnownFileType = sourcecode.c.objc; path = Weather.m; sourceTree = "<group>"; };
		0180B82B1E088C5E00B63BE8 /* forecast.JSON */ = {isa = PBXFileReference; fileEncoding = 4; lastKnownFileType = text.json; path = forecast.JSON; sourceTree = "<group>"; };
		0180B82D1E089B1F00B63BE8 /* DarkSkyTest.m */ = {isa = PBXFileReference; fileEncoding = 4; lastKnownFileType = sourcecode.c.objc; path = DarkSkyTest.m; sourceTree = "<group>"; };
		0180B82F1E08F45300B63BE8 /* AltimeterTest.m */ = {isa = PBXFileReference; fileEncoding = 4; lastKnownFileType = sourcecode.c.objc; path = AltimeterTest.m; sourceTree = "<group>"; };
		0180B8311E08F47600B63BE8 /* AboutViewTest.m */ = {isa = PBXFileReference; fileEncoding = 4; lastKnownFileType = sourcecode.c.objc; path = AboutViewTest.m; sourceTree = "<group>"; };
		0180B8331E08F48D00B63BE8 /* ForecastViewTest.m */ = {isa = PBXFileReference; fileEncoding = 4; lastKnownFileType = sourcecode.c.objc; path = ForecastViewTest.m; sourceTree = "<group>"; };
		0180B8351E08F4B000B63BE8 /* HomeViewTest.m */ = {isa = PBXFileReference; fileEncoding = 4; lastKnownFileType = sourcecode.c.objc; path = HomeViewTest.m; sourceTree = "<group>"; };
		0180B8371E08F4CB00B63BE8 /* SettingsViewTest.m */ = {isa = PBXFileReference; fileEncoding = 4; lastKnownFileType = sourcecode.c.objc; path = SettingsViewTest.m; sourceTree = "<group>"; };
		0197C2501E09CE79006D7A29 /* DarkSkyAPI.h */ = {isa = PBXFileReference; fileEncoding = 4; lastKnownFileType = sourcecode.c.h; path = DarkSkyAPI.h; sourceTree = "<group>"; };
		0197C2511E09CE79006D7A29 /* DarkSkyAPI.m */ = {isa = PBXFileReference; fileEncoding = 4; lastKnownFileType = sourcecode.c.objc; path = DarkSkyAPI.m; sourceTree = "<group>"; };
		0197C2531E09E661006D7A29 /* TopTableViewCell.h */ = {isa = PBXFileReference; fileEncoding = 4; lastKnownFileType = sourcecode.c.h; path = TopTableViewCell.h; sourceTree = "<group>"; };
		0197C2541E09E661006D7A29 /* TopTableViewCell.m */ = {isa = PBXFileReference; fileEncoding = 4; lastKnownFileType = sourcecode.c.objc; path = TopTableViewCell.m; sourceTree = "<group>"; };
		0197C2561E09E66E006D7A29 /* BottomTableViewCell.h */ = {isa = PBXFileReference; fileEncoding = 4; lastKnownFileType = sourcecode.c.h; path = BottomTableViewCell.h; sourceTree = "<group>"; };
		0197C2571E09E66E006D7A29 /* BottomTableViewCell.m */ = {isa = PBXFileReference; fileEncoding = 4; lastKnownFileType = sourcecode.c.objc; path = BottomTableViewCell.m; sourceTree = "<group>"; };
		555CD9B81E08C4DE002E72DA /* CFuWx-Bridging-Header.h */ = {isa = PBXFileReference; lastKnownFileType = sourcecode.c.h; path = "CFuWx-Bridging-Header.h"; sourceTree = "<group>"; };
		555CD9BC1E08CAC6002E72DA /* ChartViewController.h */ = {isa = PBXFileReference; fileEncoding = 4; lastKnownFileType = sourcecode.c.h; path = ChartViewController.h; sourceTree = "<group>"; };
		555CD9BD1E08CAC6002E72DA /* ChartViewController.m */ = {isa = PBXFileReference; fileEncoding = 4; lastKnownFileType = sourcecode.c.objc; path = ChartViewController.m; sourceTree = "<group>"; };
		555CD9C11E08CE2F002E72DA /* Altimeter.h */ = {isa = PBXFileReference; fileEncoding = 4; lastKnownFileType = sourcecode.c.h; path = Altimeter.h; sourceTree = "<group>"; };
		555CD9C21E08CE2F002E72DA /* Altimeter.m */ = {isa = PBXFileReference; fileEncoding = 4; lastKnownFileType = sourcecode.c.objc; path = Altimeter.m; sourceTree = "<group>"; };
		555FA1F81E06FE680036FC1E /* CFuWx.app */ = {isa = PBXFileReference; explicitFileType = wrapper.application; includeInIndex = 0; path = CFuWx.app; sourceTree = BUILT_PRODUCTS_DIR; };
		555FA1FC1E06FE680036FC1E /* main.m */ = {isa = PBXFileReference; lastKnownFileType = sourcecode.c.objc; path = main.m; sourceTree = "<group>"; };
		555FA1FE1E06FE680036FC1E /* AppDelegate.h */ = {isa = PBXFileReference; lastKnownFileType = sourcecode.c.h; path = AppDelegate.h; sourceTree = "<group>"; };
		555FA1FF1E06FE680036FC1E /* AppDelegate.m */ = {isa = PBXFileReference; lastKnownFileType = sourcecode.c.objc; path = AppDelegate.m; sourceTree = "<group>"; };
		555FA2051E06FE680036FC1E /* Base */ = {isa = PBXFileReference; lastKnownFileType = file.storyboard; name = Base; path = Base.lproj/Main.storyboard; sourceTree = "<group>"; };
		555FA2081E06FE680036FC1E /* CFuWx.xcdatamodel */ = {isa = PBXFileReference; lastKnownFileType = wrapper.xcdatamodel; path = CFuWx.xcdatamodel; sourceTree = "<group>"; };
		555FA20A1E06FE680036FC1E /* Assets.xcassets */ = {isa = PBXFileReference; lastKnownFileType = folder.assetcatalog; path = Assets.xcassets; sourceTree = "<group>"; };
		555FA20D1E06FE680036FC1E /* Base */ = {isa = PBXFileReference; lastKnownFileType = file.storyboard; name = Base; path = Base.lproj/LaunchScreen.storyboard; sourceTree = "<group>"; };
		555FA20F1E06FE680036FC1E /* Info.plist */ = {isa = PBXFileReference; lastKnownFileType = text.plist.xml; path = Info.plist; sourceTree = "<group>"; };
		555FA2141E06FE680036FC1E /* CFuWxTests.xctest */ = {isa = PBXFileReference; explicitFileType = wrapper.cfbundle; includeInIndex = 0; path = CFuWxTests.xctest; sourceTree = BUILT_PRODUCTS_DIR; };
		555FA2181E06FE680036FC1E /* CFuWxTests.m */ = {isa = PBXFileReference; lastKnownFileType = sourcecode.c.objc; path = CFuWxTests.m; sourceTree = "<group>"; };
		555FA21A1E06FE680036FC1E /* Info.plist */ = {isa = PBXFileReference; lastKnownFileType = text.plist.xml; path = Info.plist; sourceTree = "<group>"; };
		555FA2281E0700E90036FC1E /* Forecast.storyboard */ = {isa = PBXFileReference; fileEncoding = 4; lastKnownFileType = file.storyboard; name = Forecast.storyboard; path = CFuWx/Forecast.storyboard; sourceTree = "<group>"; };
		555FA22A1E0701110036FC1E /* Settings.storyboard */ = {isa = PBXFileReference; fileEncoding = 4; lastKnownFileType = file.storyboard; path = Settings.storyboard; sourceTree = "<group>"; };
		555FA22C1E0701380036FC1E /* About.storyboard */ = {isa = PBXFileReference; fileEncoding = 4; lastKnownFileType = file.storyboard; path = About.storyboard; sourceTree = "<group>"; };
		555FA22E1E0701A70036FC1E /* HomeViewController.h */ = {isa = PBXFileReference; fileEncoding = 4; lastKnownFileType = sourcecode.c.h; path = HomeViewController.h; sourceTree = "<group>"; };
		555FA22F1E0701A70036FC1E /* HomeViewController.m */ = {isa = PBXFileReference; fileEncoding = 4; lastKnownFileType = sourcecode.c.objc; path = HomeViewController.m; sourceTree = "<group>"; };
		555FA2321E0701BA0036FC1E /* AboutViewController.h */ = {isa = PBXFileReference; fileEncoding = 4; lastKnownFileType = sourcecode.c.h; path = AboutViewController.h; sourceTree = "<group>"; };
		555FA2331E0701BA0036FC1E /* AboutViewController.m */ = {isa = PBXFileReference; fileEncoding = 4; lastKnownFileType = sourcecode.c.objc; path = AboutViewController.m; sourceTree = "<group>"; };
		555FA2361E0701C40036FC1E /* ForecastViewController.h */ = {isa = PBXFileReference; fileEncoding = 4; lastKnownFileType = sourcecode.c.h; path = ForecastViewController.h; sourceTree = "<group>"; };
		555FA2371E0701C40036FC1E /* ForecastViewController.m */ = {isa = PBXFileReference; fileEncoding = 4; lastKnownFileType = sourcecode.c.objc; path = ForecastViewController.m; sourceTree = "<group>"; };
		555FA23A1E0701CF0036FC1E /* SettingsViewController.h */ = {isa = PBXFileReference; fileEncoding = 4; lastKnownFileType = sourcecode.c.h; path = SettingsViewController.h; sourceTree = "<group>"; };
		555FA23B1E0701CF0036FC1E /* SettingsViewController.m */ = {isa = PBXFileReference; fileEncoding = 4; lastKnownFileType = sourcecode.c.objc; path = SettingsViewController.m; sourceTree = "<group>"; };
		55DC16511E09C70800E5A8A6 /* Bolts.framework */ = {isa = PBXFileReference; lastKnownFileType = wrapper.framework; name = Bolts.framework; path = Carthage/Build/iOS/Bolts.framework; sourceTree = "<group>"; };
		55DC16521E09C70800E5A8A6 /* Charts.framework */ = {isa = PBXFileReference; lastKnownFileType = wrapper.framework; name = Charts.framework; path = Carthage/Build/iOS/Charts.framework; sourceTree = "<group>"; };
		55DC16531E09C70800E5A8A6 /* Parse.framework */ = {isa = PBXFileReference; lastKnownFileType = wrapper.framework; name = Parse.framework; path = Carthage/Build/iOS/Parse.framework; sourceTree = "<group>"; };
		55DC165E1E09E37D00E5A8A6 /* Conversions.h */ = {isa = PBXFileReference; fileEncoding = 4; lastKnownFileType = sourcecode.c.h; path = Conversions.h; sourceTree = "<group>"; };
		55DC165F1E09E37D00E5A8A6 /* Conversions.m */ = {isa = PBXFileReference; fileEncoding = 4; lastKnownFileType = sourcecode.c.objc; path = Conversions.m; sourceTree = "<group>"; };
		55EF0DC91E0AF6FB00750E6E /* dummy.swift */ = {isa = PBXFileReference; fileEncoding = 4; lastKnownFileType = sourcecode.swift; path = dummy.swift; sourceTree = "<group>"; };
		55F25CA61E09F1C900BAF2FA /* garbage.swift */ = {isa = PBXFileReference; fileEncoding = 4; lastKnownFileType = sourcecode.swift; path = garbage.swift; sourceTree = "<group>"; };
		55F25CA81E09F24D00BAF2FA /* ConversionsTest.m */ = {isa = PBXFileReference; fileEncoding = 4; lastKnownFileType = sourcecode.c.objc; path = ConversionsTest.m; sourceTree = "<group>"; };
		7C008A401E09EA0300040CB9 /* Credentials.h */ = {isa = PBXFileReference; lastKnownFileType = sourcecode.c.h; path = Credentials.h; sourceTree = "<group>"; };
		7CD83D951E0B427C009BE48F /* Header.xib */ = {isa = PBXFileReference; fileEncoding = 4; lastKnownFileType = file.xib; name = Header.xib; path = ../Header.xib; sourceTree = "<group>"; };
		7CD83D991E0B4305009BE48F /* HourlyRowTitles.xib */ = {isa = PBXFileReference; fileEncoding = 4; lastKnownFileType = file.xib; path = HourlyRowTitles.xib; sourceTree = "<group>"; };
		7CD83D9B1E0B431B009BE48F /* HourlyTableViewCell.xib */ = {isa = PBXFileReference; fileEncoding = 4; lastKnownFileType = file.xib; path = HourlyTableViewCell.xib; sourceTree = "<group>"; };
		7CD83DA01E0B43E5009BE48F /* DailyRowTitles.xib */ = {isa = PBXFileReference; fileEncoding = 4; lastKnownFileType = file.xib; path = DailyRowTitles.xib; sourceTree = "<group>"; };
		7CD83DA21E0B43F1009BE48F /* DailyTableViewCell.xib */ = {isa = PBXFileReference; fileEncoding = 4; lastKnownFileType = file.xib; path = DailyTableViewCell.xib; sourceTree = "<group>"; };
		7CD83DA61E0B6CCA009BE48F /* HourlyTableViewCell.h */ = {isa = PBXFileReference; fileEncoding = 4; lastKnownFileType = sourcecode.c.h; path = HourlyTableViewCell.h; sourceTree = "<group>"; };
		7CD83DA71E0B6CCA009BE48F /* HourlyTableViewCell.m */ = {isa = PBXFileReference; fileEncoding = 4; lastKnownFileType = sourcecode.c.objc; path = HourlyTableViewCell.m; sourceTree = "<group>"; };
		7CD83DA91E0B6CFD009BE48F /* DailyTableViewCell.h */ = {isa = PBXFileReference; fileEncoding = 4; lastKnownFileType = sourcecode.c.h; path = DailyTableViewCell.h; sourceTree = "<group>"; };
		7CD83DAA1E0B6CFD009BE48F /* DailyTableViewCell.m */ = {isa = PBXFileReference; fileEncoding = 4; lastKnownFileType = sourcecode.c.objc; path = DailyTableViewCell.m; sourceTree = "<group>"; };
		7CD83DAE1E0B893D009BE48F /* HourlyBackground.xib */ = {isa = PBXFileReference; fileEncoding = 4; lastKnownFileType = file.xib; path = HourlyBackground.xib; sourceTree = "<group>"; };
		7CF703541E09FEC800354143 /* LocationManager.h */ = {isa = PBXFileReference; fileEncoding = 4; lastKnownFileType = sourcecode.c.h; path = LocationManager.h; sourceTree = "<group>"; };
		7CF703551E09FEC800354143 /* LocationManager.m */ = {isa = PBXFileReference; fileEncoding = 4; lastKnownFileType = sourcecode.c.objc; path = LocationManager.m; sourceTree = "<group>"; };
/* End PBXFileReference section */

/* Begin PBXFrameworksBuildPhase section */
		555FA1F51E06FE680036FC1E /* Frameworks */ = {
			isa = PBXFrameworksBuildPhase;
			buildActionMask = 2147483647;
			files = (
				55DC16541E09C70800E5A8A6 /* Bolts.framework in Frameworks */,
				55DC16551E09C70800E5A8A6 /* Charts.framework in Frameworks */,
				55DC16561E09C70800E5A8A6 /* Parse.framework in Frameworks */,
			);
			runOnlyForDeploymentPostprocessing = 0;
		};
		555FA2111E06FE680036FC1E /* Frameworks */ = {
			isa = PBXFrameworksBuildPhase;
			buildActionMask = 2147483647;
			files = (
			);
			runOnlyForDeploymentPostprocessing = 0;
		};
/* End PBXFrameworksBuildPhase section */

/* Begin PBXGroup section */
		555CD9931E087FDB002E72DA /* Frameworks */ = {
			isa = PBXGroup;
			children = (
				55DC16511E09C70800E5A8A6 /* Bolts.framework */,
				55DC16521E09C70800E5A8A6 /* Charts.framework */,
				55DC16531E09C70800E5A8A6 /* Parse.framework */,
			);
			name = Frameworks;
			sourceTree = "<group>";
		};
		555FA1EF1E06FE680036FC1E = {
			isa = PBXGroup;
			children = (
				555FA1FA1E06FE680036FC1E /* CFuWx */,
				555FA2171E06FE680036FC1E /* CFuWxTests */,
				555FA1F91E06FE680036FC1E /* Products */,
				555CD9931E087FDB002E72DA /* Frameworks */,
			);
			sourceTree = "<group>";
		};
		555FA1F91E06FE680036FC1E /* Products */ = {
			isa = PBXGroup;
			children = (
				555FA1F81E06FE680036FC1E /* CFuWx.app */,
				555FA2141E06FE680036FC1E /* CFuWxTests.xctest */,
			);
			name = Products;
			sourceTree = "<group>";
		};
		555FA1FA1E06FE680036FC1E /* CFuWx */ = {
			isa = PBXGroup;
			children = (
				555FA2261E0700B80036FC1E /* Model */,
				555FA2271E0700BD0036FC1E /* Controller */,
				555FA2251E0700890036FC1E /* View */,
				555FA1FB1E06FE680036FC1E /* Supporting Files */,
			);
			path = CFuWx;
			sourceTree = "<group>";
		};
		555FA1FB1E06FE680036FC1E /* Supporting Files */ = {
			isa = PBXGroup;
			children = (
				7C008A401E09EA0300040CB9 /* Credentials.h */,
				555CD9B81E08C4DE002E72DA /* CFuWx-Bridging-Header.h */,
				55EF0DC91E0AF6FB00750E6E /* dummy.swift */,
				0180B82B1E088C5E00B63BE8 /* forecast.JSON */,
				555FA1FE1E06FE680036FC1E /* AppDelegate.h */,
				555FA1FF1E06FE680036FC1E /* AppDelegate.m */,
				555FA20A1E06FE680036FC1E /* Assets.xcassets */,
				555FA20F1E06FE680036FC1E /* Info.plist */,
				555FA1FC1E06FE680036FC1E /* main.m */,
			);
			name = "Supporting Files";
			sourceTree = "<group>";
		};
		555FA2171E06FE680036FC1E /* CFuWxTests */ = {
			isa = PBXGroup;
			children = (
				55F25CA81E09F24D00BAF2FA /* ConversionsTest.m */,
				0180B8371E08F4CB00B63BE8 /* SettingsViewTest.m */,
				0180B8351E08F4B000B63BE8 /* HomeViewTest.m */,
				0180B8331E08F48D00B63BE8 /* ForecastViewTest.m */,
				0180B8311E08F47600B63BE8 /* AboutViewTest.m */,
				0180B82F1E08F45300B63BE8 /* AltimeterTest.m */,
				0180B82D1E089B1F00B63BE8 /* DarkSkyTest.m */,
				555FA2181E06FE680036FC1E /* CFuWxTests.m */,
				555FA21A1E06FE680036FC1E /* Info.plist */,
			);
			path = CFuWxTests;
			sourceTree = "<group>";
		};
		555FA2251E0700890036FC1E /* View */ = {
			isa = PBXGroup;
			children = (
				558BE5C01E0C56F6007EC30E /* Storyboards */,
				7CD83D951E0B427C009BE48F /* Header.xib */,
				7CD83D9E1E0B4346009BE48F /* TextForecast */,
				555FA22C1E0701380036FC1E /* About.storyboard */,
				555FA2041E06FE680036FC1E /* Main.storyboard */,
				555FA22A1E0701110036FC1E /* Settings.storyboard */,
				555FA20C1E06FE680036FC1E /* LaunchScreen.storyboard */,
				0197C2531E09E661006D7A29 /* TopTableViewCell.h */,
				0197C2541E09E661006D7A29 /* TopTableViewCell.m */,
				0197C2561E09E66E006D7A29 /* BottomTableViewCell.h */,
				0197C2571E09E66E006D7A29 /* BottomTableViewCell.m */,
			);
			name = View;
			sourceTree = "<group>";
		};
		555FA2261E0700B80036FC1E /* Model */ = {
			isa = PBXGroup;
			children = (
				015631DC1E0AFE47009AB385 /* Weather.h */,
				015631DD1E0AFE47009AB385 /* Weather.m */,
				7CF703541E09FEC800354143 /* LocationManager.h */,
				7CF703551E09FEC800354143 /* LocationManager.m */,
				55DC165E1E09E37D00E5A8A6 /* Conversions.h */,
				55DC165F1E09E37D00E5A8A6 /* Conversions.m */,
				0197C2501E09CE79006D7A29 /* DarkSkyAPI.h */,
				0197C2511E09CE79006D7A29 /* DarkSkyAPI.m */,
				555CD9C11E08CE2F002E72DA /* Altimeter.h */,
				555CD9C21E08CE2F002E72DA /* Altimeter.m */,
				555FA2071E06FE680036FC1E /* CFuWx.xcdatamodeld */,
			);
			name = Model;
			sourceTree = "<group>";
		};
		555FA2271E0700BD0036FC1E /* Controller */ = {
			isa = PBXGroup;
			children = (
				555FA2321E0701BA0036FC1E /* AboutViewController.h */,
				555FA2331E0701BA0036FC1E /* AboutViewController.m */,
				555FA2361E0701C40036FC1E /* ForecastViewController.h */,
				555FA2371E0701C40036FC1E /* ForecastViewController.m */,
				555FA22E1E0701A70036FC1E /* HomeViewController.h */,
				555FA22F1E0701A70036FC1E /* HomeViewController.m */,
				555FA23A1E0701CF0036FC1E /* SettingsViewController.h */,
				555FA23B1E0701CF0036FC1E /* SettingsViewController.m */,
				555CD9BC1E08CAC6002E72DA /* ChartViewController.h */,
				555CD9BD1E08CAC6002E72DA /* ChartViewController.m */,
			);
			name = Controller;
			sourceTree = "<group>";
		};
		558BE5C01E0C56F6007EC30E /* Storyboards */ = {
			isa = PBXGroup;
			children = (
				555FA22C1E0701380036FC1E /* About.storyboard */,
				555FA2281E0700E90036FC1E /* Forecast.storyboard */,
				555FA20C1E06FE680036FC1E /* LaunchScreen.storyboard */,
				555FA2041E06FE680036FC1E /* Main.storyboard */,
				555FA22A1E0701110036FC1E /* Settings.storyboard */,
			);
			name = Storyboards;
			sourceTree = "<group>";
		};
		7CD83D9D1E0B4331009BE48F /* Hourly */ = {
			isa = PBXGroup;
			children = (
				7CD83DA61E0B6CCA009BE48F /* HourlyTableViewCell.h */,
				7CD83DA71E0B6CCA009BE48F /* HourlyTableViewCell.m */,
				7CD83DAE1E0B893D009BE48F /* HourlyBackground.xib */,
				7CD83D991E0B4305009BE48F /* HourlyRowTitles.xib */,
				7CD83D9B1E0B431B009BE48F /* HourlyTableViewCell.xib */,
			);
			name = Hourly;
			sourceTree = "<group>";
		};
		7CD83D9E1E0B4346009BE48F /* TextForecast */ = {
			isa = PBXGroup;
			children = (
				555FA2281E0700E90036FC1E /* Forecast.storyboard */,
				7CD83D9D1E0B4331009BE48F /* Hourly */,
				7CD83D9F1E0B438A009BE48F /* Daily */,
			);
			name = TextForecast;
			path = ..;
			sourceTree = "<group>";
		};
		7CD83D9F1E0B438A009BE48F /* Daily */ = {
			isa = PBXGroup;
			children = (
				7CD83DA01E0B43E5009BE48F /* DailyRowTitles.xib */,
				7CD83DA21E0B43F1009BE48F /* DailyTableViewCell.xib */,
				7CD83DA91E0B6CFD009BE48F /* DailyTableViewCell.h */,
				7CD83DAA1E0B6CFD009BE48F /* DailyTableViewCell.m */,
			);
			name = Daily;
			sourceTree = "<group>";
		};
/* End PBXGroup section */

/* Begin PBXNativeTarget section */
		555FA1F71E06FE680036FC1E /* CFuWx */ = {
			isa = PBXNativeTarget;
			buildConfigurationList = 555FA21D1E06FE680036FC1E /* Build configuration list for PBXNativeTarget "CFuWx" */;
			buildPhases = (
				555FA1F41E06FE680036FC1E /* Sources */,
				555FA1F51E06FE680036FC1E /* Frameworks */,
				555FA1F61E06FE680036FC1E /* Resources */,
				555CD9981E087FFC002E72DA /* CopyFiles */,
				555CD99B1E0881DD002E72DA /* ShellScript */,
			);
			buildRules = (
			);
			dependencies = (
			);
			name = CFuWx;
			productName = CFuWx;
			productReference = 555FA1F81E06FE680036FC1E /* CFuWx.app */;
			productType = "com.apple.product-type.application";
		};
		555FA2131E06FE680036FC1E /* CFuWxTests */ = {
			isa = PBXNativeTarget;
			buildConfigurationList = 555FA2201E06FE680036FC1E /* Build configuration list for PBXNativeTarget "CFuWxTests" */;
			buildPhases = (
				555FA2101E06FE680036FC1E /* Sources */,
				555FA2111E06FE680036FC1E /* Frameworks */,
				555FA2121E06FE680036FC1E /* Resources */,
			);
			buildRules = (
			);
			dependencies = (
				555FA2161E06FE680036FC1E /* PBXTargetDependency */,
			);
			name = CFuWxTests;
			productName = CFuWxTests;
			productReference = 555FA2141E06FE680036FC1E /* CFuWxTests.xctest */;
			productType = "com.apple.product-type.bundle.unit-test";
		};
/* End PBXNativeTarget section */

/* Begin PBXProject section */
		555FA1F01E06FE680036FC1E /* Project object */ = {
			isa = PBXProject;
			attributes = {
				LastUpgradeCheck = 0820;
				ORGANIZATIONNAME = "Erica Winberry";
				TargetAttributes = {
					555FA1F71E06FE680036FC1E = {
						CreatedOnToolsVersion = 8.2;
						DevelopmentTeam = HYPCVH7NE6;
						LastSwiftMigration = 0820;
						ProvisioningStyle = Automatic;
					};
					555FA2131E06FE680036FC1E = {
						CreatedOnToolsVersion = 8.2;
						DevelopmentTeam = 4YFWUVNT8L;
						ProvisioningStyle = Automatic;
						TestTargetID = 555FA1F71E06FE680036FC1E;
					};
				};
			};
			buildConfigurationList = 555FA1F31E06FE680036FC1E /* Build configuration list for PBXProject "CFuWx" */;
			compatibilityVersion = "Xcode 3.2";
			developmentRegion = English;
			hasScannedForEncodings = 0;
			knownRegions = (
				en,
				Base,
			);
			mainGroup = 555FA1EF1E06FE680036FC1E;
			productRefGroup = 555FA1F91E06FE680036FC1E /* Products */;
			projectDirPath = "";
			projectRoot = "";
			targets = (
				555FA1F71E06FE680036FC1E /* CFuWx */,
				555FA2131E06FE680036FC1E /* CFuWxTests */,
			);
		};
/* End PBXProject section */

/* Begin PBXResourcesBuildPhase section */
		555FA1F61E06FE680036FC1E /* Resources */ = {
			isa = PBXResourcesBuildPhase;
			buildActionMask = 2147483647;
			files = (
				555FA20E1E06FE680036FC1E /* LaunchScreen.storyboard in Resources */,
				0180B82C1E088C5E00B63BE8 /* forecast.JSON in Resources */,
				7CD83D9C1E0B431B009BE48F /* HourlyTableViewCell.xib in Resources */,
				7CD83DA11E0B43E5009BE48F /* DailyRowTitles.xib in Resources */,
				7CD83DAF1E0B893D009BE48F /* HourlyBackground.xib in Resources */,
				555FA2291E0700E90036FC1E /* Forecast.storyboard in Resources */,
				555FA22D1E0701380036FC1E /* About.storyboard in Resources */,
				7CD83D961E0B427C009BE48F /* Header.xib in Resources */,
				555FA20B1E06FE680036FC1E /* Assets.xcassets in Resources */,
				555FA2061E06FE680036FC1E /* Main.storyboard in Resources */,
				555FA22B1E0701110036FC1E /* Settings.storyboard in Resources */,
				7CD83D9A1E0B4305009BE48F /* HourlyRowTitles.xib in Resources */,
				7CD83DA31E0B43F1009BE48F /* DailyTableViewCell.xib in Resources */,
			);
			runOnlyForDeploymentPostprocessing = 0;
		};
		555FA2121E06FE680036FC1E /* Resources */ = {
			isa = PBXResourcesBuildPhase;
			buildActionMask = 2147483647;
			files = (
			);
			runOnlyForDeploymentPostprocessing = 0;
		};
/* End PBXResourcesBuildPhase section */

/* Begin PBXShellScriptBuildPhase section */
		555CD99B1E0881DD002E72DA /* ShellScript */ = {
			isa = PBXShellScriptBuildPhase;
			buildActionMask = 8;
			files = (
			);
			inputPaths = (
				"$(SRCROOT)/Carthage/Build/iOS/Bolts.framework",
				"$(SRCROOT)/Carthage/Build/iOS/Parse.framework",
				"$(SRCROOT)/Carthage/Build/iOS/Charts.framework",
			);
			outputPaths = (
			);
			runOnlyForDeploymentPostprocessing = 1;
			shellPath = /bin/sh;
			shellScript = "/usr/local/bin/carthage copy-frameworks";
		};
/* End PBXShellScriptBuildPhase section */

/* Begin PBXSourcesBuildPhase section */
		555FA1F41E06FE680036FC1E /* Sources */ = {
			isa = PBXSourcesBuildPhase;
			buildActionMask = 2147483647;
			files = (
				7CD83DA81E0B6CCA009BE48F /* HourlyTableViewCell.m in Sources */,
				555FA2001E06FE680036FC1E /* AppDelegate.m in Sources */,
				0197C2581E09E66E006D7A29 /* BottomTableViewCell.m in Sources */,
				55EF0DCA1E0AF6FB00750E6E /* dummy.swift in Sources */,
				555FA2381E0701C40036FC1E /* ForecastViewController.m in Sources */,
				0197C2521E09CE79006D7A29 /* DarkSkyAPI.m in Sources */,
				015631DE1E0AFE47009AB385 /* Weather.m in Sources */,
				555CD9C31E08CE2F002E72DA /* Altimeter.m in Sources */,
				555FA2341E0701BA0036FC1E /* AboutViewController.m in Sources */,
				555FA1FD1E06FE680036FC1E /* main.m in Sources */,
				55DC16601E09E37D00E5A8A6 /* Conversions.m in Sources */,
				7CD83DAB1E0B6CFD009BE48F /* DailyTableViewCell.m in Sources */,
				555FA2091E06FE680036FC1E /* CFuWx.xcdatamodeld in Sources */,
				0197C2551E09E661006D7A29 /* TopTableViewCell.m in Sources */,
				555FA2301E0701A70036FC1E /* HomeViewController.m in Sources */,
				55F25CA71E09F1C900BAF2FA /* garbage.swift in Sources */,
				555CD9BF1E08CAC6002E72DA /* ChartViewController.m in Sources */,
				555FA23C1E0701CF0036FC1E /* SettingsViewController.m in Sources */,
				7CF703561E09FEC800354143 /* LocationManager.m in Sources */,
			);
			runOnlyForDeploymentPostprocessing = 0;
		};
		555FA2101E06FE680036FC1E /* Sources */ = {
			isa = PBXSourcesBuildPhase;
			buildActionMask = 2147483647;
			files = (
				0180B8321E08F47600B63BE8 /* AboutViewTest.m in Sources */,
				555FA2351E0701BA0036FC1E /* AboutViewController.m in Sources */,
				0180B8341E08F48D00B63BE8 /* ForecastViewTest.m in Sources */,
				0180B8361E08F4B000B63BE8 /* HomeViewTest.m in Sources */,
				0180B82E1E089B1F00B63BE8 /* DarkSkyTest.m in Sources */,
				0180B8301E08F45300B63BE8 /* AltimeterTest.m in Sources */,
				555FA2391E0701C40036FC1E /* ForecastViewController.m in Sources */,
				555FA23D1E0701CF0036FC1E /* SettingsViewController.m in Sources */,
				555FA2191E06FE680036FC1E /* CFuWxTests.m in Sources */,
				55F25CA91E09F24D00BAF2FA /* ConversionsTest.m in Sources */,
				555FA2311E0701A70036FC1E /* HomeViewController.m in Sources */,
				0180B8381E08F4CB00B63BE8 /* SettingsViewTest.m in Sources */,
			);
			runOnlyForDeploymentPostprocessing = 0;
		};
/* End PBXSourcesBuildPhase section */

/* Begin PBXTargetDependency section */
		555FA2161E06FE680036FC1E /* PBXTargetDependency */ = {
			isa = PBXTargetDependency;
			target = 555FA1F71E06FE680036FC1E /* CFuWx */;
			targetProxy = 555FA2151E06FE680036FC1E /* PBXContainerItemProxy */;
		};
/* End PBXTargetDependency section */

/* Begin PBXVariantGroup section */
		555FA2041E06FE680036FC1E /* Main.storyboard */ = {
			isa = PBXVariantGroup;
			children = (
				555FA2051E06FE680036FC1E /* Base */,
			);
			name = Main.storyboard;
			sourceTree = "<group>";
		};
		555FA20C1E06FE680036FC1E /* LaunchScreen.storyboard */ = {
			isa = PBXVariantGroup;
			children = (
				555FA20D1E06FE680036FC1E /* Base */,
			);
			name = LaunchScreen.storyboard;
			sourceTree = "<group>";
		};
/* End PBXVariantGroup section */

/* Begin XCBuildConfiguration section */
		555FA21B1E06FE680036FC1E /* Debug */ = {
			isa = XCBuildConfiguration;
			buildSettings = {
				ALWAYS_SEARCH_USER_PATHS = NO;
				CLANG_ANALYZER_NONNULL = YES;
				CLANG_CXX_LANGUAGE_STANDARD = "gnu++0x";
				CLANG_CXX_LIBRARY = "libc++";
				CLANG_ENABLE_MODULES = YES;
				CLANG_ENABLE_OBJC_ARC = YES;
				CLANG_WARN_BOOL_CONVERSION = YES;
				CLANG_WARN_CONSTANT_CONVERSION = YES;
				CLANG_WARN_DIRECT_OBJC_ISA_USAGE = YES_ERROR;
				CLANG_WARN_DOCUMENTATION_COMMENTS = YES;
				CLANG_WARN_EMPTY_BODY = YES;
				CLANG_WARN_ENUM_CONVERSION = YES;
				CLANG_WARN_INFINITE_RECURSION = YES;
				CLANG_WARN_INT_CONVERSION = YES;
				CLANG_WARN_OBJC_ROOT_CLASS = YES_ERROR;
				CLANG_WARN_SUSPICIOUS_MOVE = YES;
				CLANG_WARN_UNREACHABLE_CODE = YES;
				CLANG_WARN__DUPLICATE_METHOD_MATCH = YES;
				"CODE_SIGN_IDENTITY[sdk=iphoneos*]" = "iPhone Developer";
				COPY_PHASE_STRIP = NO;
				DEBUG_INFORMATION_FORMAT = dwarf;
				ENABLE_STRICT_OBJC_MSGSEND = YES;
				ENABLE_TESTABILITY = YES;
				GCC_C_LANGUAGE_STANDARD = gnu99;
				GCC_DYNAMIC_NO_PIC = NO;
				GCC_NO_COMMON_BLOCKS = YES;
				GCC_OPTIMIZATION_LEVEL = 0;
				GCC_PREPROCESSOR_DEFINITIONS = (
					"DEBUG=1",
					"$(inherited)",
				);
				GCC_WARN_64_TO_32_BIT_CONVERSION = YES;
				GCC_WARN_ABOUT_RETURN_TYPE = YES_ERROR;
				GCC_WARN_UNDECLARED_SELECTOR = YES;
				GCC_WARN_UNINITIALIZED_AUTOS = YES_AGGRESSIVE;
				GCC_WARN_UNUSED_FUNCTION = YES;
				GCC_WARN_UNUSED_VARIABLE = YES;
				IPHONEOS_DEPLOYMENT_TARGET = 10.1;
				MTL_ENABLE_DEBUG_INFO = YES;
				ONLY_ACTIVE_ARCH = YES;
				SDKROOT = iphoneos;
				TARGETED_DEVICE_FAMILY = "1,2";
			};
			name = Debug;
		};
		555FA21C1E06FE680036FC1E /* Release */ = {
			isa = XCBuildConfiguration;
			buildSettings = {
				ALWAYS_SEARCH_USER_PATHS = NO;
				CLANG_ANALYZER_NONNULL = YES;
				CLANG_CXX_LANGUAGE_STANDARD = "gnu++0x";
				CLANG_CXX_LIBRARY = "libc++";
				CLANG_ENABLE_MODULES = YES;
				CLANG_ENABLE_OBJC_ARC = YES;
				CLANG_WARN_BOOL_CONVERSION = YES;
				CLANG_WARN_CONSTANT_CONVERSION = YES;
				CLANG_WARN_DIRECT_OBJC_ISA_USAGE = YES_ERROR;
				CLANG_WARN_DOCUMENTATION_COMMENTS = YES;
				CLANG_WARN_EMPTY_BODY = YES;
				CLANG_WARN_ENUM_CONVERSION = YES;
				CLANG_WARN_INFINITE_RECURSION = YES;
				CLANG_WARN_INT_CONVERSION = YES;
				CLANG_WARN_OBJC_ROOT_CLASS = YES_ERROR;
				CLANG_WARN_SUSPICIOUS_MOVE = YES;
				CLANG_WARN_UNREACHABLE_CODE = YES;
				CLANG_WARN__DUPLICATE_METHOD_MATCH = YES;
				"CODE_SIGN_IDENTITY[sdk=iphoneos*]" = "iPhone Developer";
				COPY_PHASE_STRIP = NO;
				DEBUG_INFORMATION_FORMAT = "dwarf-with-dsym";
				ENABLE_NS_ASSERTIONS = NO;
				ENABLE_STRICT_OBJC_MSGSEND = YES;
				GCC_C_LANGUAGE_STANDARD = gnu99;
				GCC_NO_COMMON_BLOCKS = YES;
				GCC_WARN_64_TO_32_BIT_CONVERSION = YES;
				GCC_WARN_ABOUT_RETURN_TYPE = YES_ERROR;
				GCC_WARN_UNDECLARED_SELECTOR = YES;
				GCC_WARN_UNINITIALIZED_AUTOS = YES_AGGRESSIVE;
				GCC_WARN_UNUSED_FUNCTION = YES;
				GCC_WARN_UNUSED_VARIABLE = YES;
				IPHONEOS_DEPLOYMENT_TARGET = 10.1;
				MTL_ENABLE_DEBUG_INFO = NO;
				SDKROOT = iphoneos;
				TARGETED_DEVICE_FAMILY = "1,2";
				VALIDATE_PRODUCT = YES;
			};
			name = Release;
		};
		555FA21E1E06FE680036FC1E /* Debug */ = {
			isa = XCBuildConfiguration;
			buildSettings = {
				ALWAYS_EMBED_SWIFT_STANDARD_LIBRARIES = YES;
				ASSETCATALOG_COMPILER_APPICON_NAME = AppIcon;
				CLANG_ENABLE_MODULES = YES;
				DEVELOPMENT_TEAM = HYPCVH7NE6;
				FRAMEWORK_SEARCH_PATHS = "$(SRCROOT)/Carthage/Build/iOS/";
				INFOPLIST_FILE = CFuWx/Info.plist;
				IPHONEOS_DEPLOYMENT_TARGET = 10.1;
				LD_RUNPATH_SEARCH_PATHS = "$(inherited) @executable_path/Frameworks";
				PRODUCT_BUNDLE_IDENTIFIER = com.ericawinberry.CFuWx;
				PRODUCT_NAME = "$(TARGET_NAME)";
				SWIFT_OBJC_BRIDGING_HEADER = "CFuWx/CFuWx-Bridging-Header.h";
				SWIFT_OPTIMIZATION_LEVEL = "-Onone";
				SWIFT_VERSION = 3.0;
			};
			name = Debug;
		};
		555FA21F1E06FE680036FC1E /* Release */ = {
			isa = XCBuildConfiguration;
			buildSettings = {
				ALWAYS_EMBED_SWIFT_STANDARD_LIBRARIES = YES;
				ASSETCATALOG_COMPILER_APPICON_NAME = AppIcon;
				CLANG_ENABLE_MODULES = YES;
				DEVELOPMENT_TEAM = HYPCVH7NE6;
				FRAMEWORK_SEARCH_PATHS = "$(SRCROOT)/Carthage/Build/iOS/";
				INFOPLIST_FILE = CFuWx/Info.plist;
				IPHONEOS_DEPLOYMENT_TARGET = 10.1;
				LD_RUNPATH_SEARCH_PATHS = "$(inherited) @executable_path/Frameworks";
				PRODUCT_BUNDLE_IDENTIFIER = com.ericawinberry.CFuWx;
				PRODUCT_NAME = "$(TARGET_NAME)";
				SWIFT_OBJC_BRIDGING_HEADER = "CFuWx/CFuWx-Bridging-Header.h";
				SWIFT_VERSION = 3.0;
			};
			name = Release;
		};
		555FA2211E06FE680036FC1E /* Debug */ = {
			isa = XCBuildConfiguration;
			buildSettings = {
				ALWAYS_EMBED_SWIFT_STANDARD_LIBRARIES = YES;
				BUNDLE_LOADER = "$(TEST_HOST)";
				DEVELOPMENT_TEAM = 4YFWUVNT8L;
				INFOPLIST_FILE = CFuWxTests/Info.plist;
				IPHONEOS_DEPLOYMENT_TARGET = 10.1;
				LD_RUNPATH_SEARCH_PATHS = "$(inherited) @executable_path/Frameworks @loader_path/Frameworks";
				PRODUCT_BUNDLE_IDENTIFIER = com.ericawinberry.CFuWxTests;
				PRODUCT_NAME = "$(TARGET_NAME)";
				TEST_HOST = "$(BUILT_PRODUCTS_DIR)/CFuWx.app/CFuWx";
			};
			name = Debug;
		};
		555FA2221E06FE680036FC1E /* Release */ = {
			isa = XCBuildConfiguration;
			buildSettings = {
				ALWAYS_EMBED_SWIFT_STANDARD_LIBRARIES = YES;
				BUNDLE_LOADER = "$(TEST_HOST)";
				DEVELOPMENT_TEAM = 4YFWUVNT8L;
				INFOPLIST_FILE = CFuWxTests/Info.plist;
				IPHONEOS_DEPLOYMENT_TARGET = 10.1;
				LD_RUNPATH_SEARCH_PATHS = "$(inherited) @executable_path/Frameworks @loader_path/Frameworks";
				PRODUCT_BUNDLE_IDENTIFIER = com.ericawinberry.CFuWxTests;
				PRODUCT_NAME = "$(TARGET_NAME)";
				TEST_HOST = "$(BUILT_PRODUCTS_DIR)/CFuWx.app/CFuWx";
			};
			name = Release;
		};
/* End XCBuildConfiguration section */

/* Begin XCConfigurationList section */
		555FA1F31E06FE680036FC1E /* Build configuration list for PBXProject "CFuWx" */ = {
			isa = XCConfigurationList;
			buildConfigurations = (
				555FA21B1E06FE680036FC1E /* Debug */,
				555FA21C1E06FE680036FC1E /* Release */,
			);
			defaultConfigurationIsVisible = 0;
			defaultConfigurationName = Release;
		};
		555FA21D1E06FE680036FC1E /* Build configuration list for PBXNativeTarget "CFuWx" */ = {
			isa = XCConfigurationList;
			buildConfigurations = (
				555FA21E1E06FE680036FC1E /* Debug */,
				555FA21F1E06FE680036FC1E /* Release */,
			);
			defaultConfigurationIsVisible = 0;
			defaultConfigurationName = Release;
		};
		555FA2201E06FE680036FC1E /* Build configuration list for PBXNativeTarget "CFuWxTests" */ = {
			isa = XCConfigurationList;
			buildConfigurations = (
				555FA2211E06FE680036FC1E /* Debug */,
				555FA2221E06FE680036FC1E /* Release */,
			);
			defaultConfigurationIsVisible = 0;
			defaultConfigurationName = Release;
		};
/* End XCConfigurationList section */

/* Begin XCVersionGroup section */
		555FA2071E06FE680036FC1E /* CFuWx.xcdatamodeld */ = {
			isa = XCVersionGroup;
			children = (
				555FA2081E06FE680036FC1E /* CFuWx.xcdatamodel */,
			);
			currentVersion = 555FA2081E06FE680036FC1E /* CFuWx.xcdatamodel */;
			path = CFuWx.xcdatamodeld;
			sourceTree = "<group>";
			versionGroupType = wrapper.xcdatamodel;
		};
/* End XCVersionGroup section */
	};
	rootObject = 555FA1F01E06FE680036FC1E /* Project object */;
}
